
Microsoft Visual Studio Solution File, Format Version 12.00
# Visual Studio Version 16
VisualStudioVersion = 16.0.31025.194
MinimumVisualStudioVersion = 10.0.40219.1
Project("{FAE04EC0-301F-11D3-BF4B-00C04F79EFBC}") = "LabsAndCoursesManagement.WebAPI", "LabsAndCoursesManagement.WebAPI\LabsAndCoursesManagement.WebAPI.csproj", "{F435010C-D887-430C-8179-4440774F5351}"
EndProject
Project("{FAE04EC0-301F-11D3-BF4B-00C04F79EFBC}") = "LabsAndCoursesManagement.BusinessLogic", "LabsAndCoursesManagement.BusinessLogic\LabsAndCoursesManagement.BusinessLogic.csproj", "{EC698A39-AB4B-4017-A91F-12288022A32A}"
EndProject
Project("{FAE04EC0-301F-11D3-BF4B-00C04F79EFBC}") = "LabsAndCoursesManagement.DataAccess", "LabsAndCoursesManagement.DataAccess\LabsAndCoursesManagement.DataAccess.csproj", "{754720D3-2269-4592-A361-69B0FCAFFAF1}"
EndProject
Project("{FAE04EC0-301F-11D3-BF4B-00C04F79EFBC}") = "LabsAndCoursesManagement.Models", "LabsAndCoursesManagement.Models\LabsAndCoursesManagement.Models.csproj", "{21AEE5AD-CBC3-45C7-9BF9-112418DD8CCA}"
EndProject
Project("{FAE04EC0-301F-11D3-BF4B-00C04F79EFBC}") = "LabsAndCoursesManagement.Tests", "LabsAndCoursesManagement.Tests\LabsAndCoursesManagement.Tests.csproj", "{94EC5D19-2E3C-44BF-B1C0-6D06C1A6AF64}"
EndProject
Global
	GlobalSection(SolutionConfigurationPlatforms) = preSolution
		Debug|Any CPU = Debug|Any CPU
		Release|Any CPU = Release|Any CPU
	EndGlobalSection
	GlobalSection(ProjectConfigurationPlatforms) = postSolution
		{F435010C-D887-430C-8179-4440774F5351}.Debug|Any CPU.ActiveCfg = Debug|Any CPU
		{F435010C-D887-430C-8179-4440774F5351}.Debug|Any CPU.Build.0 = Debug|Any CPU
		{F435010C-D887-430C-8179-4440774F5351}.Release|Any CPU.ActiveCfg = Release|Any CPU
		{F435010C-D887-430C-8179-4440774F5351}.Release|Any CPU.Build.0 = Release|Any CPU
		{EC698A39-AB4B-4017-A91F-12288022A32A}.Debug|Any CPU.ActiveCfg = Debug|Any CPU
		{EC698A39-AB4B-4017-A91F-12288022A32A}.Debug|Any CPU.Build.0 = Debug|Any CPU
		{EC698A39-AB4B-4017-A91F-12288022A32A}.Release|Any CPU.ActiveCfg = Release|Any CPU
		{EC698A39-AB4B-4017-A91F-12288022A32A}.Release|Any CPU.Build.0 = Release|Any CPU
		{754720D3-2269-4592-A361-69B0FCAFFAF1}.Debug|Any CPU.ActiveCfg = Debug|Any CPU
		{754720D3-2269-4592-A361-69B0FCAFFAF1}.Debug|Any CPU.Build.0 = Debug|Any CPU
		{754720D3-2269-4592-A361-69B0FCAFFAF1}.Release|Any CPU.ActiveCfg = Release|Any CPU
		{754720D3-2269-4592-A361-69B0FCAFFAF1}.Release|Any CPU.Build.0 = Release|Any CPU
		{21AEE5AD-CBC3-45C7-9BF9-112418DD8CCA}.Debug|Any CPU.ActiveCfg = Debug|Any CPU
		{21AEE5AD-CBC3-45C7-9BF9-112418DD8CCA}.Debug|Any CPU.Build.0 = Debug|Any CPU
		{21AEE5AD-CBC3-45C7-9BF9-112418DD8CCA}.Release|Any CPU.ActiveCfg = Release|Any CPU
		{21AEE5AD-CBC3-45C7-9BF9-112418DD8CCA}.Release|Any CPU.Build.0 = Release|Any CPU
		{94EC5D19-2E3C-44BF-B1C0-6D06C1A6AF64}.Debug|Any CPU.ActiveCfg = Debug|Any CPU
		{94EC5D19-2E3C-44BF-B1C0-6D06C1A6AF64}.Debug|Any CPU.Build.0 = Debug|Any CPU
		{94EC5D19-2E3C-44BF-B1C0-6D06C1A6AF64}.Release|Any CPU.ActiveCfg = Release|Any CPU
		{94EC5D19-2E3C-44BF-B1C0-6D06C1A6AF64}.Release|Any CPU.Build.0 = Release|Any CPU
	EndGlobalSection
	GlobalSection(SolutionProperties) = preSolution
		HideSolutionNode = FALSE
	EndGlobalSection
	GlobalSection(ExtensibilityGlobals) = postSolution
		SolutionGuid = {434B040A-353A-4796-9E5F-94A69B04DE11}
	EndGlobalSection
EndGlobal
